
Microsoft Visual Studio Solution File, Format Version 12.00
# Visual Studio Version 16
VisualStudioVersion = 16.0.31205.134
MinimumVisualStudioVersion = 10.0.40219.1
Project("{FAE04EC0-301F-11D3-BF4B-00C04F79EFBC}") = "SubjectToBotDataType", "SubjectToBotDataType.csproj", "{E8197CD5-3604-464E-AF4F-1A07C34B228A}"
EndProject
Global
	GlobalSection(SolutionConfigurationPlatforms) = preSolution
		Debug|Any CPU = Debug|Any CPU
		Release|Any CPU = Release|Any CPU
	EndGlobalSection
	GlobalSection(ProjectConfigurationPlatforms) = postSolution
		{E8197CD5-3604-464E-AF4F-1A07C34B228A}.Debug|Any CPU.ActiveCfg = Debug|Any CPU
		{E8197CD5-3604-464E-AF4F-1A07C34B228A}.Debug|Any CPU.Build.0 = Debug|Any CPU
		{E8197CD5-3604-464E-AF4F-1A07C34B228A}.Release|Any CPU.ActiveCfg = Release|Any CPU
		{E8197CD5-3604-464E-AF4F-1A07C34B228A}.Release|Any CPU.Build.0 = Release|Any CPU
	EndGlobalSection
	GlobalSection(SolutionProperties) = preSolution
		HideSolutionNode = FALSE
	EndGlobalSection
	GlobalSection(ExtensibilityGlobals) = postSolution
		SolutionGuid = {E09AB684-9A6C-43DD-8AEC-AF8788A79AD0}
	EndGlobalSection
EndGlobal
